
Microsoft Visual Studio Solution File, Format Version 12.00
# Visual Studio Version 16
VisualStudioVersion = 16.0.32002.261
MinimumVisualStudioVersion = 10.0.40219.1
Project("{FAE04EC0-301F-11D3-BF4B-00C04F79EFBC}") = "sorts", "sorts\sorts.csproj", "{97A190F9-FE7C-4281-9E1D-4333569AEDB6}"
EndProject
Global
	GlobalSection(SolutionConfigurationPlatforms) = preSolution
		Debug|Any CPU = Debug|Any CPU
		Release|Any CPU = Release|Any CPU
	EndGlobalSection
	GlobalSection(ProjectConfigurationPlatforms) = postSolution
		{97A190F9-FE7C-4281-9E1D-4333569AEDB6}.Debug|Any CPU.ActiveCfg = Debug|Any CPU
		{97A190F9-FE7C-4281-9E1D-4333569AEDB6}.Debug|Any CPU.Build.0 = Debug|Any CPU
		{97A190F9-FE7C-4281-9E1D-4333569AEDB6}.Release|Any CPU.ActiveCfg = Release|Any CPU
		{97A190F9-FE7C-4281-9E1D-4333569AEDB6}.Release|Any CPU.Build.0 = Release|Any CPU
	EndGlobalSection
	GlobalSection(SolutionProperties) = preSolution
		HideSolutionNode = FALSE
	EndGlobalSection
	GlobalSection(ExtensibilityGlobals) = postSolution
		SolutionGuid = {E4F9F72B-ACE7-4F09-8936-3D481A7CFF66}
	EndGlobalSection
EndGlobal
